
Microsoft Visual Studio Solution File, Format Version 12.00
# Visual Studio 2013
VisualStudioVersion = 12.0.31101.0
MinimumVisualStudioVersion = 10.0.40219.1
Project("{FAE04EC0-301F-11D3-BF4B-00C04F79EFBC}") = "Gopen", "src\Gopen\Gopen.csproj", "{36D30A10-24E8-4C8C-BFAE-6BC93540D8AE}"
EndProject
Project("{FAE04EC0-301F-11D3-BF4B-00C04F79EFBC}") = "Gopen.UnitTests", "tests\Gopen.UnitTests\Gopen.UnitTests.csproj", "{32F41C5D-FB72-42C7-82D9-9B8CE0C80D86}"
EndProject
Global
	GlobalSection(SolutionConfigurationPlatforms) = preSolution
		Debug|Any CPU = Debug|Any CPU
		Release|Any CPU = Release|Any CPU
	EndGlobalSection
	GlobalSection(ProjectConfigurationPlatforms) = postSolution
		{36D30A10-24E8-4C8C-BFAE-6BC93540D8AE}.Debug|Any CPU.ActiveCfg = Debug|Any CPU
		{36D30A10-24E8-4C8C-BFAE-6BC93540D8AE}.Debug|Any CPU.Build.0 = Debug|Any CPU
		{36D30A10-24E8-4C8C-BFAE-6BC93540D8AE}.Release|Any CPU.ActiveCfg = Release|Any CPU
		{36D30A10-24E8-4C8C-BFAE-6BC93540D8AE}.Release|Any CPU.Build.0 = Release|Any CPU
		{32F41C5D-FB72-42C7-82D9-9B8CE0C80D86}.Debug|Any CPU.ActiveCfg = Debug|Any CPU
		{32F41C5D-FB72-42C7-82D9-9B8CE0C80D86}.Debug|Any CPU.Build.0 = Debug|Any CPU
		{32F41C5D-FB72-42C7-82D9-9B8CE0C80D86}.Release|Any CPU.ActiveCfg = Release|Any CPU
		{32F41C5D-FB72-42C7-82D9-9B8CE0C80D86}.Release|Any CPU.Build.0 = Release|Any CPU
	EndGlobalSection
	GlobalSection(SolutionProperties) = preSolution
		HideSolutionNode = FALSE
	EndGlobalSection
EndGlobal
